
Microsoft Visual Studio Solution File, Format Version 12.00
# Visual Studio Version 17
VisualStudioVersion = 17.6.33815.320
MinimumVisualStudioVersion = 10.0.40219.1
Project("{FAE04EC0-301F-11D3-BF4B-00C04F79EFBC}") = "DapperAdvanced.Api", "DapperAdvanced.Api\DapperAdvanced.Api.csproj", "{68A3AD41-188F-42E0-A104-0741C260CFF8}"
EndProject
Project("{FAE04EC0-301F-11D3-BF4B-00C04F79EFBC}") = "DapperAdvanced.Data", "DapperAdvanced.Data\DapperAdvanced.Data.csproj", "{226743A0-B068-4444-BF2A-49869FC42349}"
EndProject
Global
	GlobalSection(SolutionConfigurationPlatforms) = preSolution
		Debug|Any CPU = Debug|Any CPU
		Release|Any CPU = Release|Any CPU
	EndGlobalSection
	GlobalSection(ProjectConfigurationPlatforms) = postSolution
		{68A3AD41-188F-42E0-A104-0741C260CFF8}.Debug|Any CPU.ActiveCfg = Debug|Any CPU
		{68A3AD41-188F-42E0-A104-0741C260CFF8}.Debug|Any CPU.Build.0 = Debug|Any CPU
		{68A3AD41-188F-42E0-A104-0741C260CFF8}.Release|Any CPU.ActiveCfg = Release|Any CPU
		{68A3AD41-188F-42E0-A104-0741C260CFF8}.Release|Any CPU.Build.0 = Release|Any CPU
		{226743A0-B068-4444-BF2A-49869FC42349}.Debug|Any CPU.ActiveCfg = Debug|Any CPU
		{226743A0-B068-4444-BF2A-49869FC42349}.Debug|Any CPU.Build.0 = Debug|Any CPU
		{226743A0-B068-4444-BF2A-49869FC42349}.Release|Any CPU.ActiveCfg = Release|Any CPU
		{226743A0-B068-4444-BF2A-49869FC42349}.Release|Any CPU.Build.0 = Release|Any CPU
	EndGlobalSection
	GlobalSection(SolutionProperties) = preSolution
		HideSolutionNode = FALSE
	EndGlobalSection
	GlobalSection(ExtensibilityGlobals) = postSolution
		SolutionGuid = {898A56C9-36D2-4E78-A2B8-7403A631157B}
	EndGlobalSection
EndGlobal
